
Microsoft Visual Studio Solution File, Format Version 12.00
# Visual Studio Version 16
VisualStudioVersion = 16.0.32106.194
MinimumVisualStudioVersion = 10.0.40219.1
Project("{FAE04EC0-301F-11D3-BF4B-00C04F79EFBC}") = "CleanArquitecture", "CleanArquitecture\CleanArquitecture.csproj", "{A4EC3076-A435-4D7F-BD9C-56CDEB97F7B5}"
EndProject
Project("{FAE04EC0-301F-11D3-BF4B-00C04F79EFBC}") = "Domain", "Domain\Domain.csproj", "{132C6E6F-90D3-4DBE-B8E4-B8B3F02F6A7E}"
EndProject
Project("{FAE04EC0-301F-11D3-BF4B-00C04F79EFBC}") = "AppCore", "AppCore\AppCore.csproj", "{99D02931-B1B4-47FB-A5D1-00F10AA312EC}"
EndProject
Project("{FAE04EC0-301F-11D3-BF4B-00C04F79EFBC}") = "Infraestructure", "Infraestructure\Infraestructure.csproj", "{E0FCA10A-013C-4E67-A0E8-6A95AE44B869}"
EndProject
Global
	GlobalSection(SolutionConfigurationPlatforms) = preSolution
		Debug|Any CPU = Debug|Any CPU
		Release|Any CPU = Release|Any CPU
	EndGlobalSection
	GlobalSection(ProjectConfigurationPlatforms) = postSolution
		{A4EC3076-A435-4D7F-BD9C-56CDEB97F7B5}.Debug|Any CPU.ActiveCfg = Debug|Any CPU
		{A4EC3076-A435-4D7F-BD9C-56CDEB97F7B5}.Debug|Any CPU.Build.0 = Debug|Any CPU
		{A4EC3076-A435-4D7F-BD9C-56CDEB97F7B5}.Release|Any CPU.ActiveCfg = Release|Any CPU
		{A4EC3076-A435-4D7F-BD9C-56CDEB97F7B5}.Release|Any CPU.Build.0 = Release|Any CPU
		{132C6E6F-90D3-4DBE-B8E4-B8B3F02F6A7E}.Debug|Any CPU.ActiveCfg = Debug|Any CPU
		{132C6E6F-90D3-4DBE-B8E4-B8B3F02F6A7E}.Debug|Any CPU.Build.0 = Debug|Any CPU
		{132C6E6F-90D3-4DBE-B8E4-B8B3F02F6A7E}.Release|Any CPU.ActiveCfg = Release|Any CPU
		{132C6E6F-90D3-4DBE-B8E4-B8B3F02F6A7E}.Release|Any CPU.Build.0 = Release|Any CPU
		{99D02931-B1B4-47FB-A5D1-00F10AA312EC}.Debug|Any CPU.ActiveCfg = Debug|Any CPU
		{99D02931-B1B4-47FB-A5D1-00F10AA312EC}.Debug|Any CPU.Build.0 = Debug|Any CPU
		{99D02931-B1B4-47FB-A5D1-00F10AA312EC}.Release|Any CPU.ActiveCfg = Release|Any CPU
		{99D02931-B1B4-47FB-A5D1-00F10AA312EC}.Release|Any CPU.Build.0 = Release|Any CPU
		{E0FCA10A-013C-4E67-A0E8-6A95AE44B869}.Debug|Any CPU.ActiveCfg = Debug|Any CPU
		{E0FCA10A-013C-4E67-A0E8-6A95AE44B869}.Debug|Any CPU.Build.0 = Debug|Any CPU
		{E0FCA10A-013C-4E67-A0E8-6A95AE44B869}.Release|Any CPU.ActiveCfg = Release|Any CPU
		{E0FCA10A-013C-4E67-A0E8-6A95AE44B869}.Release|Any CPU.Build.0 = Release|Any CPU
	EndGlobalSection
	GlobalSection(SolutionProperties) = preSolution
		HideSolutionNode = FALSE
	EndGlobalSection
	GlobalSection(ExtensibilityGlobals) = postSolution
		SolutionGuid = {16F30A97-D552-4F11-8690-531435477449}
	EndGlobalSection
EndGlobal
